
Microsoft Visual Studio Solution File, Format Version 12.00
# Visual Studio Version 16
VisualStudioVersion = 16.0.31729.503
MinimumVisualStudioVersion = 10.0.40219.1
Project("{FAE04EC0-301F-11D3-BF4B-00C04F79EFBC}") = "DB", "DB\DB.csproj", "{CA2DDC87-066E-49B3-9339-51D2A710D247}"
EndProject
Project("{FAE04EC0-301F-11D3-BF4B-00C04F79EFBC}") = "WebCGIL_SOSTENIBILE", "WebCGIL_SOSTENIBILE\WebCGIL_SOSTENIBILE.csproj", "{70B8E70A-39C3-4DD9-A5B9-5A1DB5211564}"
EndProject
Global
	GlobalSection(SolutionConfigurationPlatforms) = preSolution
		Debug|Any CPU = Debug|Any CPU
		Release|Any CPU = Release|Any CPU
	EndGlobalSection
	GlobalSection(ProjectConfigurationPlatforms) = postSolution
		{CA2DDC87-066E-49B3-9339-51D2A710D247}.Debug|Any CPU.ActiveCfg = Debug|Any CPU
		{CA2DDC87-066E-49B3-9339-51D2A710D247}.Debug|Any CPU.Build.0 = Debug|Any CPU
		{CA2DDC87-066E-49B3-9339-51D2A710D247}.Release|Any CPU.ActiveCfg = Release|Any CPU
		{CA2DDC87-066E-49B3-9339-51D2A710D247}.Release|Any CPU.Build.0 = Release|Any CPU
		{70B8E70A-39C3-4DD9-A5B9-5A1DB5211564}.Debug|Any CPU.ActiveCfg = Debug|Any CPU
		{70B8E70A-39C3-4DD9-A5B9-5A1DB5211564}.Debug|Any CPU.Build.0 = Debug|Any CPU
		{70B8E70A-39C3-4DD9-A5B9-5A1DB5211564}.Release|Any CPU.ActiveCfg = Release|Any CPU
		{70B8E70A-39C3-4DD9-A5B9-5A1DB5211564}.Release|Any CPU.Build.0 = Release|Any CPU
	EndGlobalSection
	GlobalSection(SolutionProperties) = preSolution
		HideSolutionNode = FALSE
	EndGlobalSection
	GlobalSection(ExtensibilityGlobals) = postSolution
		SolutionGuid = {A3600965-4158-43BD-9D4C-B2C323532DA7}
	EndGlobalSection
EndGlobal
